
Microsoft Visual Studio Solution File, Format Version 12.00
# Visual Studio 15
VisualStudioVersion = 15.0.27004.2010
MinimumVisualStudioVersion = 10.0.40219.1
Project("{9A19103F-16F7-4668-BE54-9A1E7A4F7556}") = "EmergencyResponderGame", "EmergencyResponderGame\EmergencyResponderGame.csproj", "{7281C70E-111C-4469-974F-B30F2E5AA7A3}"
EndProject
Project("{2150E333-8FDC-42A3-9474-1A3956D46DE8}") = "Editor", "Editor", "{7418F6EA-CDB0-4CEB-AB79-3F2BDA5E4B9D}"
EndProject
Project("{2150E333-8FDC-42A3-9474-1A3956D46DE8}") = "Bindings", "Bindings", "{C19E1B11-F964-400D-A017-E3657C1FC1ED}"
EndProject
Project("{FAE04EC0-301F-11D3-BF4B-00C04F79EFBC}") = "BindingsKernel", "RealTalkEngine\CelesteEngine\BindingsKernel\BindingsKernel.csproj", "{CBD493A8-DFC5-444A-9BC6-CA02CCD76410}"
EndProject
Project("{FAE04EC0-301F-11D3-BF4B-00C04F79EFBC}") = "CelesteEngineEditor", "RealTalkEngine\CelesteEngine\CelesteEngineEditor\CelesteEngineEditor.csproj", "{525AC921-E6CB-473F-AC93-45E5E732C97E}"
EndProject
Project("{FAE04EC0-301F-11D3-BF4B-00C04F79EFBC}") = "CelesteEngineEditorLibrary", "RealTalkEngine\CelesteEngine\CelesteEngineEditorLibrary\CelesteEngineEditorLibrary.csproj", "{B2B41924-FF3D-451F-8A37-7B078053E910}"
EndProject
Project("{9A19103F-16F7-4668-BE54-9A1E7A4F7556}") = "RealTalkEngine", "RealTalkEngine\RealTalkEngine\RealTalkEngine.csproj", "{22508ABB-DE46-479D-933D-0B546364A044}"
EndProject
Project("{FAE04EC0-301F-11D3-BF4B-00C04F79EFBC}") = "RealTalkEngineEditorLibrary", "RealTalkEngine\RealTalkEngineEditorLibrary\RealTalkEngineEditorLibrary.csproj", "{971C1874-3B1C-44DE-8D16-4F6FA807ACC0}"
EndProject
Project("{2150E333-8FDC-42A3-9474-1A3956D46DE8}") = "Real Talk Engine", "Real Talk Engine", "{975B78B3-7C42-472A-AF8C-8BD17A4501A4}"
EndProject
Project("{FAE04EC0-301F-11D3-BF4B-00C04F79EFBC}") = "RealTalkEngineRetargeted", "RealTalkEngine\RealTalkEngineRetargeted\RealTalkEngineRetargeted.csproj", "{F5EC2F3E-9368-4F63-9CA6-0B0120589E93}"
EndProject
Project("{9A19103F-16F7-4668-BE54-9A1E7A4F7556}") = "Dispatcher", "Dispatcher\Dispatcher.csproj", "{E7C0D913-19E8-469E-85B3-5EA72F98E438}"
EndProject
Project("{9A19103F-16F7-4668-BE54-9A1E7A4F7556}") = "Dispatcher.Tests", "Dispatcher.Tests\Dispatcher.Tests.csproj", "{69522ABD-5467-47B1-8831-27DAE5426968}"
EndProject
Project("{FAE04EC0-301F-11D3-BF4B-00C04F79EFBC}") = "AudioFormatter", "RealTalkEngine\AudioFormatter\AudioFormatter.csproj", "{211E8F63-151E-4ECF-8761-138A3171B078}"
EndProject
Project("{FAE04EC0-301F-11D3-BF4B-00C04F79EFBC}") = "AudioConstsGenerator", "RealTalkEngine\AudioConstsGenerator\AudioConstsGenerator.csproj", "{B0BF83FE-FFFE-4C8F-B43F-54E5551E35AA}"
EndProject
Project("{9A19103F-16F7-4668-BE54-9A1E7A4F7556}") = "Twinary", "RealTalkEngine\Twinary\Twinary.csproj", "{2EEA131E-B345-49BA-BBD5-33E39CBD3282}"
EndProject
Project("{2150E333-8FDC-42A3-9474-1A3956D46DE8}") = "Tests", "Tests", "{9E357D42-CA95-43FA-92E1-A7269C6EF447}"
EndProject
Project("{9A19103F-16F7-4668-BE54-9A1E7A4F7556}") = "Twinary.Tests", "RealTalkEngine\Tests\Twinary.Tests\Twinary.Tests.csproj", "{FA68A302-E4DD-40BC-B950-469BBF489857}"
EndProject
Project("{2150E333-8FDC-42A3-9474-1A3956D46DE8}") = "CelesteEngine", "CelesteEngine", "{17DCAFF2-B076-4E11-A07E-CA998D73DF80}"
EndProject
Project("{9A19103F-16F7-4668-BE54-9A1E7A4F7556}") = "CelTestSharp", "RealTalkEngine\CelesteEngine\CelTestSharp\CelTestSharp.csproj", "{7519C44E-F90A-4D3E-9C9F-D96CC20FAC67}"
EndProject
Project("{9A19103F-16F7-4668-BE54-9A1E7A4F7556}") = "RealTalkEngine.Tests", "RealTalkEngine\Tests\RealTalkEngine.Tests\RealTalkEngine.Tests.csproj", "{BEBDF677-59CC-4E43-855C-7FAB0D6CAB28}"
	ProjectSection(ProjectDependencies) = postProject
		{7519C44E-F90A-4D3E-9C9F-D96CC20FAC67} = {7519C44E-F90A-4D3E-9C9F-D96CC20FAC67}
		{22508ABB-DE46-479D-933D-0B546364A044} = {22508ABB-DE46-479D-933D-0B546364A044}
	EndProjectSection
EndProject
Project("{FAE04EC0-301F-11D3-BF4B-00C04F79EFBC}") = "RealTalkSkillManagement", "RealTalkEngine\RealTalkSkillManagement\RealTalkSkillManagement.csproj", "{A7218BA0-7D83-4750-BE1D-EF272740A829}"
EndProject
Project("{FAE04EC0-301F-11D3-BF4B-00C04F79EFBC}") = "RealTalkProfiling", "RealTalkEngine\RealTalkProfiling\RealTalkProfiling.csproj", "{4520B39F-ACD0-433E-B482-F2F71626D954}"
EndProject
Project("{2150E333-8FDC-42A3-9474-1A3956D46DE8}") = "Resources", "Resources", "{DE0274C4-AF7E-48FF-81E8-BAD7D2BD88DB}"
EndProject
Project("{2150E333-8FDC-42A3-9474-1A3956D46DE8}") = "TwineStories", "TwineStories", "{9C41AA66-34D4-4CAA-9770-E17328400E19}"
EndProject
Project("{FAE04EC0-301F-11D3-BF4B-00C04F79EFBC}") = "RealTalkSkillMessaging", "RealTalkEngine\RealTalkSkillMessaging\RealTalkSkillMessaging.csproj", "{932ABAAB-50A1-47C6-9D49-0CAFF561EB6A}"
EndProject
Global
	GlobalSection(SolutionConfigurationPlatforms) = preSolution
		Debug|Any CPU = Debug|Any CPU
		Release|Any CPU = Release|Any CPU
	EndGlobalSection
	GlobalSection(ProjectConfigurationPlatforms) = postSolution
		{7281C70E-111C-4469-974F-B30F2E5AA7A3}.Debug|Any CPU.ActiveCfg = Debug|Any CPU
		{7281C70E-111C-4469-974F-B30F2E5AA7A3}.Debug|Any CPU.Build.0 = Debug|Any CPU
		{7281C70E-111C-4469-974F-B30F2E5AA7A3}.Release|Any CPU.ActiveCfg = Release|Any CPU
		{7281C70E-111C-4469-974F-B30F2E5AA7A3}.Release|Any CPU.Build.0 = Release|Any CPU
		{CBD493A8-DFC5-444A-9BC6-CA02CCD76410}.Debug|Any CPU.ActiveCfg = Debug|Any CPU
		{CBD493A8-DFC5-444A-9BC6-CA02CCD76410}.Debug|Any CPU.Build.0 = Debug|Any CPU
		{CBD493A8-DFC5-444A-9BC6-CA02CCD76410}.Release|Any CPU.ActiveCfg = Release|Any CPU
		{CBD493A8-DFC5-444A-9BC6-CA02CCD76410}.Release|Any CPU.Build.0 = Release|Any CPU
		{525AC921-E6CB-473F-AC93-45E5E732C97E}.Debug|Any CPU.ActiveCfg = Debug|Any CPU
		{525AC921-E6CB-473F-AC93-45E5E732C97E}.Debug|Any CPU.Build.0 = Debug|Any CPU
		{525AC921-E6CB-473F-AC93-45E5E732C97E}.Release|Any CPU.ActiveCfg = Release|Any CPU
		{525AC921-E6CB-473F-AC93-45E5E732C97E}.Release|Any CPU.Build.0 = Release|Any CPU
		{B2B41924-FF3D-451F-8A37-7B078053E910}.Debug|Any CPU.ActiveCfg = Debug|Any CPU
		{B2B41924-FF3D-451F-8A37-7B078053E910}.Debug|Any CPU.Build.0 = Debug|Any CPU
		{B2B41924-FF3D-451F-8A37-7B078053E910}.Release|Any CPU.ActiveCfg = Release|Any CPU
		{B2B41924-FF3D-451F-8A37-7B078053E910}.Release|Any CPU.Build.0 = Release|Any CPU
		{22508ABB-DE46-479D-933D-0B546364A044}.Debug|Any CPU.ActiveCfg = Debug|Any CPU
		{22508ABB-DE46-479D-933D-0B546364A044}.Debug|Any CPU.Build.0 = Debug|Any CPU
		{22508ABB-DE46-479D-933D-0B546364A044}.Release|Any CPU.ActiveCfg = Release|Any CPU
		{22508ABB-DE46-479D-933D-0B546364A044}.Release|Any CPU.Build.0 = Release|Any CPU
		{971C1874-3B1C-44DE-8D16-4F6FA807ACC0}.Debug|Any CPU.ActiveCfg = Debug|Any CPU
		{971C1874-3B1C-44DE-8D16-4F6FA807ACC0}.Debug|Any CPU.Build.0 = Debug|Any CPU
		{971C1874-3B1C-44DE-8D16-4F6FA807ACC0}.Release|Any CPU.ActiveCfg = Release|Any CPU
		{971C1874-3B1C-44DE-8D16-4F6FA807ACC0}.Release|Any CPU.Build.0 = Release|Any CPU
		{F5EC2F3E-9368-4F63-9CA6-0B0120589E93}.Debug|Any CPU.ActiveCfg = Debug|Any CPU
		{F5EC2F3E-9368-4F63-9CA6-0B0120589E93}.Debug|Any CPU.Build.0 = Debug|Any CPU
		{F5EC2F3E-9368-4F63-9CA6-0B0120589E93}.Release|Any CPU.ActiveCfg = Release|Any CPU
		{F5EC2F3E-9368-4F63-9CA6-0B0120589E93}.Release|Any CPU.Build.0 = Release|Any CPU
		{E7C0D913-19E8-469E-85B3-5EA72F98E438}.Debug|Any CPU.ActiveCfg = Debug|Any CPU
		{E7C0D913-19E8-469E-85B3-5EA72F98E438}.Debug|Any CPU.Build.0 = Debug|Any CPU
		{E7C0D913-19E8-469E-85B3-5EA72F98E438}.Release|Any CPU.ActiveCfg = Release|Any CPU
		{E7C0D913-19E8-469E-85B3-5EA72F98E438}.Release|Any CPU.Build.0 = Release|Any CPU
		{69522ABD-5467-47B1-8831-27DAE5426968}.Debug|Any CPU.ActiveCfg = Debug|Any CPU
		{69522ABD-5467-47B1-8831-27DAE5426968}.Debug|Any CPU.Build.0 = Debug|Any CPU
		{69522ABD-5467-47B1-8831-27DAE5426968}.Release|Any CPU.ActiveCfg = Release|Any CPU
		{69522ABD-5467-47B1-8831-27DAE5426968}.Release|Any CPU.Build.0 = Release|Any CPU
		{211E8F63-151E-4ECF-8761-138A3171B078}.Debug|Any CPU.ActiveCfg = Debug|Any CPU
		{211E8F63-151E-4ECF-8761-138A3171B078}.Debug|Any CPU.Build.0 = Debug|Any CPU
		{211E8F63-151E-4ECF-8761-138A3171B078}.Release|Any CPU.ActiveCfg = Release|Any CPU
		{211E8F63-151E-4ECF-8761-138A3171B078}.Release|Any CPU.Build.0 = Release|Any CPU
		{B0BF83FE-FFFE-4C8F-B43F-54E5551E35AA}.Debug|Any CPU.ActiveCfg = Debug|Any CPU
		{B0BF83FE-FFFE-4C8F-B43F-54E5551E35AA}.Debug|Any CPU.Build.0 = Debug|Any CPU
		{B0BF83FE-FFFE-4C8F-B43F-54E5551E35AA}.Release|Any CPU.ActiveCfg = Release|Any CPU
		{B0BF83FE-FFFE-4C8F-B43F-54E5551E35AA}.Release|Any CPU.Build.0 = Release|Any CPU
		{2EEA131E-B345-49BA-BBD5-33E39CBD3282}.Debug|Any CPU.ActiveCfg = Debug|Any CPU
		{2EEA131E-B345-49BA-BBD5-33E39CBD3282}.Debug|Any CPU.Build.0 = Debug|Any CPU
		{2EEA131E-B345-49BA-BBD5-33E39CBD3282}.Release|Any CPU.ActiveCfg = Release|Any CPU
		{2EEA131E-B345-49BA-BBD5-33E39CBD3282}.Release|Any CPU.Build.0 = Release|Any CPU
		{FA68A302-E4DD-40BC-B950-469BBF489857}.Debug|Any CPU.ActiveCfg = Debug|Any CPU
		{FA68A302-E4DD-40BC-B950-469BBF489857}.Debug|Any CPU.Build.0 = Debug|Any CPU
		{FA68A302-E4DD-40BC-B950-469BBF489857}.Release|Any CPU.ActiveCfg = Release|Any CPU
		{FA68A302-E4DD-40BC-B950-469BBF489857}.Release|Any CPU.Build.0 = Release|Any CPU
		{7519C44E-F90A-4D3E-9C9F-D96CC20FAC67}.Debug|Any CPU.ActiveCfg = Debug|Any CPU
		{7519C44E-F90A-4D3E-9C9F-D96CC20FAC67}.Debug|Any CPU.Build.0 = Debug|Any CPU
		{7519C44E-F90A-4D3E-9C9F-D96CC20FAC67}.Release|Any CPU.ActiveCfg = Release|Any CPU
		{7519C44E-F90A-4D3E-9C9F-D96CC20FAC67}.Release|Any CPU.Build.0 = Release|Any CPU
		{BEBDF677-59CC-4E43-855C-7FAB0D6CAB28}.Debug|Any CPU.ActiveCfg = Debug|Any CPU
		{BEBDF677-59CC-4E43-855C-7FAB0D6CAB28}.Debug|Any CPU.Build.0 = Debug|Any CPU
		{BEBDF677-59CC-4E43-855C-7FAB0D6CAB28}.Release|Any CPU.ActiveCfg = Release|Any CPU
		{BEBDF677-59CC-4E43-855C-7FAB0D6CAB28}.Release|Any CPU.Build.0 = Release|Any CPU
		{A7218BA0-7D83-4750-BE1D-EF272740A829}.Debug|Any CPU.ActiveCfg = Debug|Any CPU
		{A7218BA0-7D83-4750-BE1D-EF272740A829}.Debug|Any CPU.Build.0 = Debug|Any CPU
		{A7218BA0-7D83-4750-BE1D-EF272740A829}.Release|Any CPU.ActiveCfg = Release|Any CPU
		{A7218BA0-7D83-4750-BE1D-EF272740A829}.Release|Any CPU.Build.0 = Release|Any CPU
		{4520B39F-ACD0-433E-B482-F2F71626D954}.Debug|Any CPU.ActiveCfg = Debug|Any CPU
		{4520B39F-ACD0-433E-B482-F2F71626D954}.Debug|Any CPU.Build.0 = Debug|Any CPU
		{4520B39F-ACD0-433E-B482-F2F71626D954}.Release|Any CPU.ActiveCfg = Release|Any CPU
		{4520B39F-ACD0-433E-B482-F2F71626D954}.Release|Any CPU.Build.0 = Release|Any CPU
		{932ABAAB-50A1-47C6-9D49-0CAFF561EB6A}.Debug|Any CPU.ActiveCfg = Debug|Any CPU
		{932ABAAB-50A1-47C6-9D49-0CAFF561EB6A}.Debug|Any CPU.Build.0 = Debug|Any CPU
		{932ABAAB-50A1-47C6-9D49-0CAFF561EB6A}.Release|Any CPU.ActiveCfg = Release|Any CPU
		{932ABAAB-50A1-47C6-9D49-0CAFF561EB6A}.Release|Any CPU.Build.0 = Release|Any CPU
	EndGlobalSection
	GlobalSection(SolutionProperties) = preSolution
		HideSolutionNode = FALSE
	EndGlobalSection
	GlobalSection(NestedProjects) = preSolution
		{CBD493A8-DFC5-444A-9BC6-CA02CCD76410} = {C19E1B11-F964-400D-A017-E3657C1FC1ED}
		{525AC921-E6CB-473F-AC93-45E5E732C97E} = {7418F6EA-CDB0-4CEB-AB79-3F2BDA5E4B9D}
		{B2B41924-FF3D-451F-8A37-7B078053E910} = {7418F6EA-CDB0-4CEB-AB79-3F2BDA5E4B9D}
		{22508ABB-DE46-479D-933D-0B546364A044} = {975B78B3-7C42-472A-AF8C-8BD17A4501A4}
		{971C1874-3B1C-44DE-8D16-4F6FA807ACC0} = {975B78B3-7C42-472A-AF8C-8BD17A4501A4}
		{F5EC2F3E-9368-4F63-9CA6-0B0120589E93} = {975B78B3-7C42-472A-AF8C-8BD17A4501A4}
		{69522ABD-5467-47B1-8831-27DAE5426968} = {9E357D42-CA95-43FA-92E1-A7269C6EF447}
		{211E8F63-151E-4ECF-8761-138A3171B078} = {975B78B3-7C42-472A-AF8C-8BD17A4501A4}
		{B0BF83FE-FFFE-4C8F-B43F-54E5551E35AA} = {975B78B3-7C42-472A-AF8C-8BD17A4501A4}
		{2EEA131E-B345-49BA-BBD5-33E39CBD3282} = {975B78B3-7C42-472A-AF8C-8BD17A4501A4}
		{FA68A302-E4DD-40BC-B950-469BBF489857} = {9E357D42-CA95-43FA-92E1-A7269C6EF447}
		{7519C44E-F90A-4D3E-9C9F-D96CC20FAC67} = {17DCAFF2-B076-4E11-A07E-CA998D73DF80}
		{BEBDF677-59CC-4E43-855C-7FAB0D6CAB28} = {9E357D42-CA95-43FA-92E1-A7269C6EF447}
		{A7218BA0-7D83-4750-BE1D-EF272740A829} = {975B78B3-7C42-472A-AF8C-8BD17A4501A4}
		{4520B39F-ACD0-433E-B482-F2F71626D954} = {975B78B3-7C42-472A-AF8C-8BD17A4501A4}
		{9C41AA66-34D4-4CAA-9770-E17328400E19} = {DE0274C4-AF7E-48FF-81E8-BAD7D2BD88DB}
		{932ABAAB-50A1-47C6-9D49-0CAFF561EB6A} = {975B78B3-7C42-472A-AF8C-8BD17A4501A4}
	EndGlobalSection
	GlobalSection(ExtensibilityGlobals) = postSolution
		SolutionGuid = {F4ED31B5-BFC1-4D90-9076-AEA45386A433}
	EndGlobalSection
EndGlobal
